
Microsoft Visual Studio Solution File, Format Version 12.00
# Visual Studio Version 16
VisualStudioVersion = 16.0.31410.357
MinimumVisualStudioVersion = 10.0.40219.1
Project("{9A19103F-16F7-4668-BE54-9A1E7A4F7556}") = "UserStories", "UserStories.csproj", "{F5DB04CA-C380-4897-AEAC-419B3265E248}"
EndProject
Global
	GlobalSection(SolutionConfigurationPlatforms) = preSolution
		Debug|Any CPU = Debug|Any CPU
		Release|Any CPU = Release|Any CPU
	EndGlobalSection
	GlobalSection(ProjectConfigurationPlatforms) = postSolution
		{F5DB04CA-C380-4897-AEAC-419B3265E248}.Debug|Any CPU.ActiveCfg = Debug|Any CPU
		{F5DB04CA-C380-4897-AEAC-419B3265E248}.Debug|Any CPU.Build.0 = Debug|Any CPU
		{F5DB04CA-C380-4897-AEAC-419B3265E248}.Release|Any CPU.ActiveCfg = Release|Any CPU
		{F5DB04CA-C380-4897-AEAC-419B3265E248}.Release|Any CPU.Build.0 = Release|Any CPU
	EndGlobalSection
	GlobalSection(SolutionProperties) = preSolution
		HideSolutionNode = FALSE
	EndGlobalSection
	GlobalSection(ExtensibilityGlobals) = postSolution
		SolutionGuid = {5491836D-3C25-4897-BDB6-294DDA2018DF}
	EndGlobalSection
EndGlobal
